
Microsoft Visual Studio Solution File, Format Version 12.00
# Visual Studio Version 16
VisualStudioVersion = 16.0.29709.97
MinimumVisualStudioVersion = 10.0.40219.1
Project("{FAE04EC0-301F-11D3-BF4B-00C04F79EFBC}") = "Tester1.0.1", "Tester1.0.1\Tester1.0.1.csproj", "{D113502B-170F-45AB-B8CF-695A41D177DE}"
EndProject
Global
	GlobalSection(SolutionConfigurationPlatforms) = preSolution
		Debug|Any CPU = Debug|Any CPU
		Release|Any CPU = Release|Any CPU
	EndGlobalSection
	GlobalSection(ProjectConfigurationPlatforms) = postSolution
		{D113502B-170F-45AB-B8CF-695A41D177DE}.Debug|Any CPU.ActiveCfg = Debug|Any CPU
		{D113502B-170F-45AB-B8CF-695A41D177DE}.Debug|Any CPU.Build.0 = Debug|Any CPU
		{D113502B-170F-45AB-B8CF-695A41D177DE}.Release|Any CPU.ActiveCfg = Release|Any CPU
		{D113502B-170F-45AB-B8CF-695A41D177DE}.Release|Any CPU.Build.0 = Release|Any CPU
	EndGlobalSection
	GlobalSection(SolutionProperties) = preSolution
		HideSolutionNode = FALSE
	EndGlobalSection
	GlobalSection(ExtensibilityGlobals) = postSolution
		SolutionGuid = {546482B7-6DB3-4667-8505-750C64B36952}
	EndGlobalSection
EndGlobal
